
Microsoft Visual Studio Solution File, Format Version 12.00
# Visual Studio Version 17
VisualStudioVersion = 17.5.33502.453
MinimumVisualStudioVersion = 10.0.40219.1
Project("{FAE04EC0-301F-11D3-BF4B-00C04F79EFBC}") = "BookStore.Web", "BookStore.Web\BookStore.Web.csproj", "{A2554571-1413-40A3-8FA0-EC47E2DC3CA5}"
EndProject
Global
	GlobalSection(SolutionConfigurationPlatforms) = preSolution
		Debug|Any CPU = Debug|Any CPU
		Release|Any CPU = Release|Any CPU
	EndGlobalSection
	GlobalSection(ProjectConfigurationPlatforms) = postSolution
		{A2554571-1413-40A3-8FA0-EC47E2DC3CA5}.Debug|Any CPU.ActiveCfg = Debug|Any CPU
		{A2554571-1413-40A3-8FA0-EC47E2DC3CA5}.Debug|Any CPU.Build.0 = Debug|Any CPU
		{A2554571-1413-40A3-8FA0-EC47E2DC3CA5}.Release|Any CPU.ActiveCfg = Release|Any CPU
		{A2554571-1413-40A3-8FA0-EC47E2DC3CA5}.Release|Any CPU.Build.0 = Release|Any CPU
	EndGlobalSection
	GlobalSection(SolutionProperties) = preSolution
		HideSolutionNode = FALSE
	EndGlobalSection
	GlobalSection(ExtensibilityGlobals) = postSolution
		SolutionGuid = {C150A92C-3DD5-41B9-9C18-C5A184AE0BDD}
	EndGlobalSection
EndGlobal
